
Microsoft Visual Studio Solution File, Format Version 12.00
# Visual Studio Version 16
VisualStudioVersion = 16.0.30114.105
MinimumVisualStudioVersion = 10.0.40219.1
Project("{FAE04EC0-301F-11D3-BF4B-00C04F79EFBC}") = "FR_SDK.App", "FR_SDK.App.csproj", "{94F26801-F531-4282-928C-2F07EAEF1BA4}"
EndProject
Global
	GlobalSection(SolutionConfigurationPlatforms) = preSolution
		Debug|Any CPU = Debug|Any CPU
		Release|Any CPU = Release|Any CPU
	EndGlobalSection
	GlobalSection(ProjectConfigurationPlatforms) = postSolution
		{94F26801-F531-4282-928C-2F07EAEF1BA4}.Debug|Any CPU.ActiveCfg = Debug|Any CPU
		{94F26801-F531-4282-928C-2F07EAEF1BA4}.Debug|Any CPU.Build.0 = Debug|Any CPU
		{94F26801-F531-4282-928C-2F07EAEF1BA4}.Release|Any CPU.ActiveCfg = Release|Any CPU
		{94F26801-F531-4282-928C-2F07EAEF1BA4}.Release|Any CPU.Build.0 = Release|Any CPU
	EndGlobalSection
	GlobalSection(SolutionProperties) = preSolution
		HideSolutionNode = FALSE
	EndGlobalSection
	GlobalSection(ExtensibilityGlobals) = postSolution
		SolutionGuid = {DDF846E9-E094-4844-868E-1F54347DC548}
	EndGlobalSection
EndGlobal
