
Microsoft Visual Studio Solution File, Format Version 12.00
# Visual Studio Version 17
VisualStudioVersion = 17.11.35327.3
MinimumVisualStudioVersion = 10.0.40219.1
Project("{9A19103F-16F7-4668-BE54-9A1E7A4F7556}") = "Fabricator", "Fabricator.csproj", "{5226210E-7866-4EEC-8945-741597F780C6}"
EndProject
Global
	GlobalSection(SolutionConfigurationPlatforms) = preSolution
		Debug|Any CPU = Debug|Any CPU
		Debug|x86 = Debug|x86
		Release|Any CPU = Release|Any CPU
		Release|x86 = Release|x86
	EndGlobalSection
	GlobalSection(ProjectConfigurationPlatforms) = postSolution
		{C5B2A6F9-0B52-4E06-8C2E-0297EF39F443}.Debug|Any CPU.ActiveCfg = Debug|Any CPU
		{C5B2A6F9-0B52-4E06-8C2E-0297EF39F443}.Debug|Any CPU.Build.0 = Debug|Any CPU
		{C5B2A6F9-0B52-4E06-8C2E-0297EF39F443}.Debug|x86.ActiveCfg = Debug|Any CPU
		{C5B2A6F9-0B52-4E06-8C2E-0297EF39F443}.Debug|x86.Build.0 = Debug|Any CPU
		{C5B2A6F9-0B52-4E06-8C2E-0297EF39F443}.Release|Any CPU.ActiveCfg = Release|Any CPU
		{C5B2A6F9-0B52-4E06-8C2E-0297EF39F443}.Release|Any CPU.Build.0 = Release|Any CPU
		{C5B2A6F9-0B52-4E06-8C2E-0297EF39F443}.Release|x86.ActiveCfg = Release|Any CPU
		{C5B2A6F9-0B52-4E06-8C2E-0297EF39F443}.Release|x86.Build.0 = Release|Any CPU
		{94F26801-F531-4282-928C-2F07EAEF1BA4}.Debug|Any CPU.ActiveCfg = Debug|Any CPU
		{94F26801-F531-4282-928C-2F07EAEF1BA4}.Debug|Any CPU.Build.0 = Debug|Any CPU
		{94F26801-F531-4282-928C-2F07EAEF1BA4}.Debug|x86.ActiveCfg = Debug|x86
		{94F26801-F531-4282-928C-2F07EAEF1BA4}.Debug|x86.Build.0 = Debug|x86
		{94F26801-F531-4282-928C-2F07EAEF1BA4}.Release|Any CPU.ActiveCfg = Release|Any CPU
		{94F26801-F531-4282-928C-2F07EAEF1BA4}.Release|Any CPU.Build.0 = Release|Any CPU
		{94F26801-F531-4282-928C-2F07EAEF1BA4}.Release|x86.ActiveCfg = Release|x86
		{94F26801-F531-4282-928C-2F07EAEF1BA4}.Release|x86.Build.0 = Release|x86
		{93627BBF-0411-479C-BA4B-9EE4096C8748}.Debug|Any CPU.ActiveCfg = Debug|Any CPU
		{93627BBF-0411-479C-BA4B-9EE4096C8748}.Debug|Any CPU.Build.0 = Debug|Any CPU
		{93627BBF-0411-479C-BA4B-9EE4096C8748}.Debug|x86.ActiveCfg = Debug|Any CPU
		{93627BBF-0411-479C-BA4B-9EE4096C8748}.Debug|x86.Build.0 = Debug|Any CPU
		{93627BBF-0411-479C-BA4B-9EE4096C8748}.Release|Any CPU.ActiveCfg = Release|Any CPU
		{93627BBF-0411-479C-BA4B-9EE4096C8748}.Release|Any CPU.Build.0 = Release|Any CPU
		{93627BBF-0411-479C-BA4B-9EE4096C8748}.Release|x86.ActiveCfg = Release|Any CPU
		{93627BBF-0411-479C-BA4B-9EE4096C8748}.Release|x86.Build.0 = Release|Any CPU
		{34D182C5-59C9-48C7-8145-C78FFB6655EA}.Debug|Any CPU.ActiveCfg = Debug|Any CPU
		{34D182C5-59C9-48C7-8145-C78FFB6655EA}.Debug|Any CPU.Build.0 = Debug|Any CPU
		{34D182C5-59C9-48C7-8145-C78FFB6655EA}.Debug|x86.ActiveCfg = Debug|Any CPU
		{34D182C5-59C9-48C7-8145-C78FFB6655EA}.Debug|x86.Build.0 = Debug|Any CPU
		{34D182C5-59C9-48C7-8145-C78FFB6655EA}.Release|Any CPU.ActiveCfg = Release|Any CPU
		{34D182C5-59C9-48C7-8145-C78FFB6655EA}.Release|Any CPU.Build.0 = Release|Any CPU
		{34D182C5-59C9-48C7-8145-C78FFB6655EA}.Release|x86.ActiveCfg = Release|Any CPU
		{34D182C5-59C9-48C7-8145-C78FFB6655EA}.Release|x86.Build.0 = Release|Any CPU
		{5226210E-7866-4EEC-8945-741597F780C6}.Debug|Any CPU.ActiveCfg = Debug|Any CPU
		{5226210E-7866-4EEC-8945-741597F780C6}.Debug|Any CPU.Build.0 = Debug|Any CPU
		{5226210E-7866-4EEC-8945-741597F780C6}.Debug|x86.ActiveCfg = Debug|Any CPU
		{5226210E-7866-4EEC-8945-741597F780C6}.Debug|x86.Build.0 = Debug|Any CPU
		{5226210E-7866-4EEC-8945-741597F780C6}.Release|Any CPU.ActiveCfg = Release|Any CPU
		{5226210E-7866-4EEC-8945-741597F780C6}.Release|Any CPU.Build.0 = Release|Any CPU
		{5226210E-7866-4EEC-8945-741597F780C6}.Release|x86.ActiveCfg = Release|Any CPU
		{5226210E-7866-4EEC-8945-741597F780C6}.Release|x86.Build.0 = Release|Any CPU
	EndGlobalSection
	GlobalSection(SolutionProperties) = preSolution
		HideSolutionNode = FALSE
	EndGlobalSection
	GlobalSection(ExtensibilityGlobals) = postSolution
		SolutionGuid = {DDF846E9-E094-4844-868E-1F54347DC548}
	EndGlobalSection
EndGlobal
